Microsoft Visual Studio Solution File, Format Version 12.00
# Visual Studio Version 17
VisualStudioVersion = 17.5.2.0
MinimumVisualStudioVersion = 10.0.40219.1
Project("{FAE04EC0-301F-11D3-BF4B-00C04F79EFBC}") = "SentenciasIf", "SentenciasIf.csproj", "{3F784554-8A54-3817-C901-2C4C20BF6980}"
EndProject
Global
	GlobalSection(SolutionConfigurationPlatforms) = preSolution
		Debug|Any CPU = Debug|Any CPU
		Release|Any CPU = Release|Any CPU
	EndGlobalSection
	GlobalSection(ProjectConfigurationPlatforms) = postSolution
		{3F784554-8A54-3817-C901-2C4C20BF6980}.Debug|Any CPU.ActiveCfg = Debug|Any CPU
		{3F784554-8A54-3817-C901-2C4C20BF6980}.Debug|Any CPU.Build.0 = Debug|Any CPU
		{3F784554-8A54-3817-C901-2C4C20BF6980}.Release|Any CPU.ActiveCfg = Release|Any CPU
		{3F784554-8A54-3817-C901-2C4C20BF6980}.Release|Any CPU.Build.0 = Release|Any CPU
	EndGlobalSection
	GlobalSection(SolutionProperties) = preSolution
		HideSolutionNode = FALSE
	EndGlobalSection
	GlobalSection(ExtensibilityGlobals) = postSolution
		SolutionGuid = {F7DF5D91-CC98-4302-B484-8BC91C5D7569}
	EndGlobalSection
EndGlobal
